
Microsoft Visual Studio Solution File, Format Version 12.00
# Visual Studio 2012
Project("{FAE04EC0-301F-11D3-BF4B-00C04F79EFBC}") = "Analytics", "Analytics\Analytics.csproj", "{4D0BDD18-244D-46C5-905D-535A8EA13D6C}"
EndProject
Global
	GlobalSection(SolutionConfigurationPlatforms) = preSolution
		Debug|Any CPU = Debug|Any CPU
		Release|Any CPU = Release|Any CPU
	EndGlobalSection
	GlobalSection(ProjectConfigurationPlatforms) = postSolution
		{4D0BDD18-244D-46C5-905D-535A8EA13D6C}.Debug|Any CPU.ActiveCfg = Debug|Any CPU
		{4D0BDD18-244D-46C5-905D-535A8EA13D6C}.Debug|Any CPU.Build.0 = Debug|Any CPU
		{4D0BDD18-244D-46C5-905D-535A8EA13D6C}.Release|Any CPU.ActiveCfg = Release|Any CPU
		{4D0BDD18-244D-46C5-905D-535A8EA13D6C}.Release|Any CPU.Build.0 = Release|Any CPU
	EndGlobalSection
	GlobalSection(SolutionProperties) = preSolution
		HideSolutionNode = FALSE
	EndGlobalSection
EndGlobal
